// !$*UTF8*$!
{
	archiveVersion = 1;
	classes = {
	};
	objectVersion = 50;
	objects = {

/* Begin PBXBuildFile section */
		27F376E723C6310D00603AF3 /* AppDelegate.swift in Sources */ = {isa = PBXBuildFile; fileRef = 27F376E623C6310D00603AF3 /* AppDelegate.swift */; };
		27F376E923C6310D00603AF3 /* SceneDelegate.swift in Sources */ = {isa = PBXBuildFile; fileRef = 27F376E823C6310D00603AF3 /* SceneDelegate.swift */; };
		27F376EB23C6310D00603AF3 /* ViewController.swift in Sources */ = {isa = PBXBuildFile; fileRef = 27F376EA23C6310D00603AF3 /* ViewController.swift */; };
		27F376EE23C6310D00603AF3 /* Main.storyboard in Resources */ = {isa = PBXBuildFile; fileRef = 27F376EC23C6310D00603AF3 /* Main.storyboard */; };
		27F376F023C6310E00603AF3 /* Assets.xcassets in Resources */ = {isa = PBXBuildFile; fileRef = 27F376EF23C6310E00603AF3 /* Assets.xcassets */; };
		27F376F323C6310E00603AF3 /* LaunchScreen.storyboard in Resources */ = {isa = PBXBuildFile; fileRef = 27F376F123C6310E00603AF3 /* LaunchScreen.storyboard */; };
		27F376FE23C6310E00603AF3 /* BigMamaTests.swift in Sources */ = {isa = PBXBuildFile; fileRef = 27F376FD23C6310E00603AF3 /* BigMamaTests.swift */; };
		27F3770923C6310E00603AF3 /* BigMamaUITests.swift in Sources */ = {isa = PBXBuildFile; fileRef = 27F3770823C6310E00603AF3 /* BigMamaUITests.swift */; };
		27F3771723C6413D00603AF3 /* GoogleService-Info.plist in Resources */ = {isa = PBXBuildFile; fileRef = 27F3771623C6413D00603AF3 /* GoogleService-Info.plist */; };
		4CF8C49D9CA4944571985EA4 /* Pods_BigMamaTests.framework in Frameworks */ = {isa = PBXBuildFile; fileRef = 34161D4ED4F62EB679A84CC9 /* Pods_BigMamaTests.framework */; };
		B9D9891412048ECC21F7332B /* Pods_BigMama_BigMamaUITests.framework in Frameworks */ = {isa = PBXBuildFile; fileRef = 2CEDCA2D440336CCD7E0EAAD /* Pods_BigMama_BigMamaUITests.framework */; };
		D0B3F21E0EDDB465DC19BB5C /* Pods_BigMama.framework in Frameworks */ = {isa = PBXBuildFile; fileRef = D8BCB8898F1F8CD156CADBF1 /* Pods_BigMama.framework */; };
/* End PBXBuildFile section */

/* Begin PBXContainerItemProxy section */
		27F376FA23C6310E00603AF3 /* PBXContainerItemProxy */ = {
			isa = PBXContainerItemProxy;
			containerPortal = 27F376DB23C6310D00603AF3 /* Project object */;
			proxyType = 1;
			remoteGlobalIDString = 27F376E223C6310D00603AF3;
			remoteInfo = BigMama;
		};
		27F3770523C6310E00603AF3 /* PBXContainerItemProxy */ = {
			isa = PBXContainerItemProxy;
			containerPortal = 27F376DB23C6310D00603AF3 /* Project object */;
			proxyType = 1;
			remoteGlobalIDString = 27F376E223C6310D00603AF3;
			remoteInfo = BigMama;
		};
/* End PBXContainerItemProxy section */

/* Begin PBXFileReference section */
		04D4842318ACC2FDFBEDA997 /* Pods-BigMamaTests.debug.xcconfig */ = {isa = PBXFileReference; includeInIndex = 1; lastKnownFileType = text.xcconfig; name = "Pods-BigMamaTests.debug.xcconfig"; path = "Target Support Files/Pods-BigMamaTests/Pods-BigMamaTests.debug.xcconfig"; sourceTree = "<group>"; };
		27F376E323C6310D00603AF3 /* BigMama.app */ = {isa = PBXFileReference; explicitFileType = wrapper.application; includeInIndex = 0; path = BigMama.app; sourceTree = BUILT_PRODUCTS_DIR; };
		27F376E623C6310D00603AF3 /* AppDelegate.swift */ = {isa = PBXFileReference; lastKnownFileType = sourcecode.swift; path = AppDelegate.swift; sourceTree = "<group>"; };
		27F376E823C6310D00603AF3 /* SceneDelegate.swift */ = {isa = PBXFileReference; lastKnownFileType = sourcecode.swift; path = SceneDelegate.swift; sourceTree = "<group>"; };
		27F376EA23C6310D00603AF3 /* ViewController.swift */ = {isa = PBXFileReference; lastKnownFileType = sourcecode.swift; path = ViewController.swift; sourceTree = "<group>"; };
		27F376ED23C6310D00603AF3 /* Base */ = {isa = PBXFileReference; lastKnownFileType = file.storyboard; name = Base; path = Base.lproj/Main.storyboard; sourceTree = "<group>"; };
		27F376EF23C6310E00603AF3 /* Assets.xcassets */ = {isa = PBXFileReference; lastKnownFileType = folder.assetcatalog; path = Assets.xcassets; sourceTree = "<group>"; };
		27F376F223C6310E00603AF3 /* Base */ = {isa = PBXFileReference; lastKnownFileType = file.storyboard; name = Base; path = Base.lproj/LaunchScreen.storyboard; sourceTree = "<group>"; };
		27F376F423C6310E00603AF3 /* Info.plist */ = {isa = PBXFileReference; lastKnownFileType = text.plist.xml; path = Info.plist; sourceTree = "<group>"; };
		27F376F923C6310E00603AF3 /* BigMamaTests.xctest */ = {isa = PBXFileReference; explicitFileType = wrapper.cfbundle; includeInIndex = 0; path = BigMamaTests.xctest; sourceTree = BUILT_PRODUCTS_DIR; };
		27F376FD23C6310E00603AF3 /* BigMamaTests.swift */ = {isa = PBXFileReference; lastKnownFileType = sourcecode.swift; path = BigMamaTests.swift; sourceTree = "<group>"; };
		27F376FF23C6310E00603AF3 /* Info.plist */ = {isa = PBXFileReference; lastKnownFileType = text.plist.xml; path = Info.plist; sourceTree = "<group>"; };
		27F3770423C6310E00603AF3 /* BigMamaUITests.xctest */ = {isa = PBXFileReference; explicitFileType = wrapper.cfbundle; includeInIndex = 0; path = BigMamaUITests.xctest; sourceTree = BUILT_PRODUCTS_DIR; };
		27F3770823C6310E00603AF3 /* BigMamaUITests.swift */ = {isa = PBXFileReference; lastKnownFileType = sourcecode.swift; path = BigMamaUITests.swift; sourceTree = "<group>"; };
		27F3770A23C6310E00603AF3 /* Info.plist */ = {isa = PBXFileReference; lastKnownFileType = text.plist.xml; path = Info.plist; sourceTree = "<group>"; };
		27F3771623C6413D00603AF3 /* GoogleService-Info.plist */ = {isa = PBXFileReference; fileEncoding = 4; lastKnownFileType = text.plist.xml; path = "GoogleService-Info.plist"; sourceTree = "<group>"; };
		2CEDCA2D440336CCD7E0EAAD /* Pods_BigMama_BigMamaUITests.framework */ = {isa = PBXFileReference; explicitFileType = wrapper.framework; includeInIndex = 0; path = Pods_BigMama_BigMamaUITests.framework; sourceTree = BUILT_PRODUCTS_DIR; };
		34161D4ED4F62EB679A84CC9 /* Pods_BigMamaTests.framework */ = {isa = PBXFileReference; explicitFileType = wrapper.framework; includeInIndex = 0; path = Pods_BigMamaTests.framework; sourceTree = BUILT_PRODUCTS_DIR; };
		857CBAEA3B42A3239E45B6F4 /* Pods-BigMama.debug.xcconfig */ = {isa = PBXFileReference; includeInIndex = 1; lastKnownFileType = text.xcconfig; name = "Pods-BigMama.debug.xcconfig"; path = "Target Support Files/Pods-BigMama/Pods-BigMama.debug.xcconfig"; sourceTree = "<group>"; };
		BD4B10AD14D7F298FCA8BBFD /* Pods-BigMama-BigMamaUITests.release.xcconfig */ = {isa = PBXFileReference; includeInIndex = 1; lastKnownFileType = text.xcconfig; name = "Pods-BigMama-BigMamaUITests.release.xcconfig"; path = "Target Support Files/Pods-BigMama-BigMamaUITests/Pods-BigMama-BigMamaUITests.release.xcconfig"; sourceTree = "<group>"; };
		C531A1C8A19FAF442BC9F26D /* Pods-BigMama-BigMamaUITests.debug.xcconfig */ = {isa = PBXFileReference; includeInIndex = 1; lastKnownFileType = text.xcconfig; name = "Pods-BigMama-BigMamaUITests.debug.xcconfig"; path = "Target Support Files/Pods-BigMama-BigMamaUITests/Pods-BigMama-BigMamaUITests.debug.xcconfig"; sourceTree = "<group>"; };
		D8BCB8898F1F8CD156CADBF1 /* Pods_BigMama.framework */ = {isa = PBXFileReference; explicitFileType = wrapper.framework; includeInIndex = 0; path = Pods_BigMama.framework; sourceTree = BUILT_PRODUCTS_DIR; };
		EAFFBC2C09D8EC18B278396E /* Pods-BigMamaTests.release.xcconfig */ = {isa = PBXFileReference; includeInIndex = 1; lastKnownFileType = text.xcconfig; name = "Pods-BigMamaTests.release.xcconfig"; path = "Target Support Files/Pods-BigMamaTests/Pods-BigMamaTests.release.xcconfig"; sourceTree = "<group>"; };
		F7F21C8E2AA3F01E76CC47D9 /* Pods-BigMama.release.xcconfig */ = {isa = PBXFileReference; includeInIndex = 1; lastKnownFileType = text.xcconfig; name = "Pods-BigMama.release.xcconfig"; path = "Target Support Files/Pods-BigMama/Pods-BigMama.release.xcconfig"; sourceTree = "<group>"; };
/* End PBXFileReference section */

/* Begin PBXFrameworksBuildPhase section */
		27F376E023C6310D00603AF3 /* Frameworks */ = {
			isa = PBXFrameworksBuildPhase;
			buildActionMask = 2147483647;
			files = (
				D0B3F21E0EDDB465DC19BB5C /* Pods_BigMama.framework in Frameworks */,
			);
			runOnlyForDeploymentPostprocessing = 0;
		};
		27F376F623C6310E00603AF3 /* Frameworks */ = {
			isa = PBXFrameworksBuildPhase;
			buildActionMask = 2147483647;
			files = (
				4CF8C49D9CA4944571985EA4 /* Pods_BigMamaTests.framework in Frameworks */,
			);
			runOnlyForDeploymentPostprocessing = 0;
		};
		27F3770123C6310E00603AF3 /* Frameworks */ = {
			isa = PBXFrameworksBuildPhase;
			buildActionMask = 2147483647;
			files = (
				B9D9891412048ECC21F7332B /* Pods_BigMama_BigMamaUITests.framework in Frameworks */,
			);
			runOnlyForDeploymentPostprocessing = 0;
		};
/* End PBXFrameworksBuildPhase section */

/* Begin PBXGroup section */
		16BCC92BDF1765CC5BAFD22A /* Pods */ = {
			isa = PBXGroup;
			children = (
				857CBAEA3B42A3239E45B6F4 /* Pods-BigMama.debug.xcconfig */,
				F7F21C8E2AA3F01E76CC47D9 /* Pods-BigMama.release.xcconfig */,
				C531A1C8A19FAF442BC9F26D /* Pods-BigMama-BigMamaUITests.debug.xcconfig */,
				BD4B10AD14D7F298FCA8BBFD /* Pods-BigMama-BigMamaUITests.release.xcconfig */,
				04D4842318ACC2FDFBEDA997 /* Pods-BigMamaTests.debug.xcconfig */,
				EAFFBC2C09D8EC18B278396E /* Pods-BigMamaTests.release.xcconfig */,
			);
			name = Pods;
			path = Pods;
			sourceTree = "<group>";
		};
		27F376DA23C6310D00603AF3 = {
			isa = PBXGroup;
			children = (
				27F376E523C6310D00603AF3 /* BigMama */,
				27F376FC23C6310E00603AF3 /* BigMamaTests */,
				27F3770723C6310E00603AF3 /* BigMamaUITests */,
				27F376E423C6310D00603AF3 /* Products */,
				16BCC92BDF1765CC5BAFD22A /* Pods */,
				D749A9EE8534014F44AED4C9 /* Frameworks */,
			);
			sourceTree = "<group>";
		};
		27F376E423C6310D00603AF3 /* Products */ = {
			isa = PBXGroup;
			children = (
				27F376E323C6310D00603AF3 /* BigMama.app */,
				27F376F923C6310E00603AF3 /* BigMamaTests.xctest */,
				27F3770423C6310E00603AF3 /* BigMamaUITests.xctest */,
			);
			name = Products;
			sourceTree = "<group>";
		};
		27F376E523C6310D00603AF3 /* BigMama */ = {
			isa = PBXGroup;
			children = (
				27F376E623C6310D00603AF3 /* AppDelegate.swift */,
				27F376E823C6310D00603AF3 /* SceneDelegate.swift */,
				27F376EA23C6310D00603AF3 /* ViewController.swift */,
				27F376EC23C6310D00603AF3 /* Main.storyboard */,
				27F376EF23C6310E00603AF3 /* Assets.xcassets */,
				27F376F123C6310E00603AF3 /* LaunchScreen.storyboard */,
				27F376F423C6310E00603AF3 /* Info.plist */,
				27F3771623C6413D00603AF3 /* GoogleService-Info.plist */,
			);
			path = BigMama;
			sourceTree = "<group>";
		};
		27F376FC23C6310E00603AF3 /* BigMamaTests */ = {
			isa = PBXGroup;
			children = (
				27F376FD23C6310E00603AF3 /* BigMamaTests.swift */,
				27F376FF23C6310E00603AF3 /* Info.plist */,
			);
			path = BigMamaTests;
			sourceTree = "<group>";
		};
		27F3770723C6310E00603AF3 /* BigMamaUITests */ = {
			isa = PBXGroup;
			children = (
				27F3770823C6310E00603AF3 /* BigMamaUITests.swift */,
				27F3770A23C6310E00603AF3 /* Info.plist */,
			);
			path = BigMamaUITests;
			sourceTree = "<group>";
		};
		D749A9EE8534014F44AED4C9 /* Frameworks */ = {
			isa = PBXGroup;
			children = (
				D8BCB8898F1F8CD156CADBF1 /* Pods_BigMama.framework */,
				2CEDCA2D440336CCD7E0EAAD /* Pods_BigMama_BigMamaUITests.framework */,
				34161D4ED4F62EB679A84CC9 /* Pods_BigMamaTests.framework */,
			);
			name = Frameworks;
			sourceTree = "<group>";
		};
/* End PBXGroup section */

/* Begin PBXNativeTarget section */
		27F376E223C6310D00603AF3 /* BigMama */ = {
			isa = PBXNativeTarget;
			buildConfigurationList = 27F3770D23C6310E00603AF3 /* Build configuration list for PBXNativeTarget "BigMama" */;
			buildPhases = (
				D47CF09B02524AEF456F0769 /* [CP] Check Pods Manifest.lock */,
				27F376DF23C6310D00603AF3 /* Sources */,
				27F376E023C6310D00603AF3 /* Frameworks */,
				27F376E123C6310D00603AF3 /* Resources */,
				1A7AD27976054D2D841742E6 /* [CP] Embed Pods Frameworks */,
			);
			buildRules = (
			);
			dependencies = (
			);
			name = BigMama;
			productName = BigMama;
			productReference = 27F376E323C6310D00603AF3 /* BigMama.app */;
			productType = "com.apple.product-type.application";
		};
		27F376F823C6310E00603AF3 /* BigMamaTests */ = {
			isa = PBXNativeTarget;
			buildConfigurationList = 27F3771023C6310E00603AF3 /* Build configuration list for PBXNativeTarget "BigMamaTests" */;
			buildPhases = (
				7AB657ABB32658FCB8E61E21 /* [CP] Check Pods Manifest.lock */,
				27F376F523C6310E00603AF3 /* Sources */,
				27F376F623C6310E00603AF3 /* Frameworks */,
				27F376F723C6310E00603AF3 /* Resources */,
			);
			buildRules = (
			);
			dependencies = (
				27F376FB23C6310E00603AF3 /* PBXTargetDependency */,
			);
			name = BigMamaTests;
			productName = BigMamaTests;
			productReference = 27F376F923C6310E00603AF3 /* BigMamaTests.xctest */;
			productType = "com.apple.product-type.bundle.unit-test";
		};
		27F3770323C6310E00603AF3 /* BigMamaUITests */ = {
			isa = PBXNativeTarget;
			buildConfigurationList = 27F3771323C6310E00603AF3 /* Build configuration list for PBXNativeTarget "BigMamaUITests" */;
			buildPhases = (
				918885E8EC2C55DD750C39F9 /* [CP] Check Pods Manifest.lock */,
				27F3770023C6310E00603AF3 /* Sources */,
				27F3770123C6310E00603AF3 /* Frameworks */,
				27F3770223C6310E00603AF3 /* Resources */,
				872E0E567356334EBEA12866 /* [CP] Embed Pods Frameworks */,
			);
			buildRules = (
			);
			dependencies = (
				27F3770623C6310E00603AF3 /* PBXTargetDependency */,
			);
			name = BigMamaUITests;
			productName = BigMamaUITests;
			productReference = 27F3770423C6310E00603AF3 /* BigMamaUITests.xctest */;
			productType = "com.apple.product-type.bundle.ui-testing";
		};
/* End PBXNativeTarget section */

/* Begin PBXProject section */
		27F376DB23C6310D00603AF3 /* Project object */ = {
			isa = PBXProject;
			attributes = {
				LastSwiftUpdateCheck = 1130;
				LastUpgradeCheck = 1130;
				ORGANIZATIONNAME = BigMama;
				TargetAttributes = {
					27F376E223C6310D00603AF3 = {
						CreatedOnToolsVersion = 11.3;
					};
					27F376F823C6310E00603AF3 = {
						CreatedOnToolsVersion = 11.3;
						TestTargetID = 27F376E223C6310D00603AF3;
					};
					27F3770323C6310E00603AF3 = {
						CreatedOnToolsVersion = 11.3;
						TestTargetID = 27F376E223C6310D00603AF3;
					};
				};
			};
			buildConfigurationList = 27F376DE23C6310D00603AF3 /* Build configuration list for PBXProject "BigMama" */;
			compatibilityVersion = "Xcode 9.3";
			developmentRegion = en;
			hasScannedForEncodings = 0;
			knownRegions = (
				en,
				Base,
			);
			mainGroup = 27F376DA23C6310D00603AF3;
			productRefGroup = 27F376E423C6310D00603AF3 /* Products */;
			projectDirPath = "";
			projectRoot = "";
			targets = (
				27F376E223C6310D00603AF3 /* BigMama */,
				27F376F823C6310E00603AF3 /* BigMamaTests */,
				27F3770323C6310E00603AF3 /* BigMamaUITests */,
			);
		};
/* End PBXProject section */

/* Begin PBXResourcesBuildPhase section */
		27F376E123C6310D00603AF3 /* Resources */ = {
			isa = PBXResourcesBuildPhase;
			buildActionMask = 2147483647;
			files = (
				27F376F323C6310E00603AF3 /* LaunchScreen.storyboard in Resources */,
				27F3771723C6413D00603AF3 /* GoogleService-Info.plist in Resources */,
				27F376F023C6310E00603AF3 /* Assets.xcassets in Resources */,
				27F376EE23C6310D00603AF3 /* Main.storyboard in Resources */,
			);
			runOnlyForDeploymentPostprocessing = 0;
		};
		27F376F723C6310E00603AF3 /* Resources */ = {
			isa = PBXResourcesBuildPhase;
			buildActionMask = 2147483647;
			files = (
			);
			runOnlyForDeploymentPostprocessing = 0;
		};
		27F3770223C6310E00603AF3 /* Resources */ = {
			isa = PBXResourcesBuildPhase;
			buildActionMask = 2147483647;
			files = (
			);
			runOnlyForDeploymentPostprocessing = 0;
		};
/* End PBXResourcesBuildPhase section */

/* Begin PBXShellScriptBuildPhase section */
		1A7AD27976054D2D841742E6 /* [CP] Embed Pods Frameworks */ = {
			isa = PBXShellScriptBuildPhase;
			buildActionMask = 2147483647;
			files = (
			);
			inputFileListPaths = (
				"${PODS_ROOT}/Target Support Files/Pods-BigMama/Pods-BigMama-frameworks-${CONFIGURATION}-input-files.xcfilelist",
			);
			name = "[CP] Embed Pods Frameworks";
			outputFileListPaths = (
				"${PODS_ROOT}/Target Support Files/Pods-BigMama/Pods-BigMama-frameworks-${CONFIGURATION}-output-files.xcfilelist",
			);
			runOnlyForDeploymentPostprocessing = 0;
			shellPath = /bin/sh;
			shellScript = "\"${PODS_ROOT}/Target Support Files/Pods-BigMama/Pods-BigMama-frameworks.sh\"\n";
			showEnvVarsInLog = 0;
		};
		7AB657ABB32658FCB8E61E21 /* [CP] Check Pods Manifest.lock */ = {
			isa = PBXShellScriptBuildPhase;
			buildActionMask = 2147483647;
			files = (
			);
			inputFileListPaths = (
			);
			inputPaths = (
				"${PODS_PODFILE_DIR_PATH}/Podfile.lock",
				"${PODS_ROOT}/Manifest.lock",
			);
			name = "[CP] Check Pods Manifest.lock";
			outputFileListPaths = (
			);
			outputPaths = (
				"$(DERIVED_FILE_DIR)/Pods-BigMamaTests-checkManifestLockResult.txt",
			);
			runOnlyForDeploymentPostprocessing = 0;
			shellPath = /bin/sh;
			shellScript = "diff \"${PODS_PODFILE_DIR_PATH}/Podfile.lock\" \"${PODS_ROOT}/Manifest.lock\" > /dev/null\nif [ $? != 0 ] ; then\n    # print error to STDERR\n    echo \"error: The sandbox is not in sync with the Podfile.lock. Run 'pod install' or update your CocoaPods installation.\" >&2\n    exit 1\nfi\n# This output is used by Xcode 'outputs' to avoid re-running this script phase.\necho \"SUCCESS\" > \"${SCRIPT_OUTPUT_FILE_0}\"\n";
			showEnvVarsInLog = 0;
		};
		872E0E567356334EBEA12866 /* [CP] Embed Pods Frameworks */ = {
			isa = PBXShellScriptBuildPhase;
			buildActionMask = 2147483647;
			files = (
			);
			inputFileListPaths = (
				"${PODS_ROOT}/Target Support Files/Pods-BigMama-BigMamaUITests/Pods-BigMama-BigMamaUITests-frameworks-${CONFIGURATION}-input-files.xcfilelist",
			);
			name = "[CP] Embed Pods Frameworks";
			outputFileListPaths = (
				"${PODS_ROOT}/Target Support Files/Pods-BigMama-BigMamaUITests/Pods-BigMama-BigMamaUITests-frameworks-${CONFIGURATION}-output-files.xcfilelist",
			);
			runOnlyForDeploymentPostprocessing = 0;
			shellPath = /bin/sh;
			shellScript = "\"${PODS_ROOT}/Target Support Files/Pods-BigMama-BigMamaUITests/Pods-BigMama-BigMamaUITests-frameworks.sh\"\n";
			showEnvVarsInLog = 0;
		};
		918885E8EC2C55DD750C39F9 /* [CP] Check Pods Manifest.lock */ = {
			isa = PBXShellScriptBuildPhase;
			buildActionMask = 2147483647;
			files = (
			);
			inputFileListPaths = (
			);
			inputPaths = (
				"${PODS_PODFILE_DIR_PATH}/Podfile.lock",
				"${PODS_ROOT}/Manifest.lock",
			);
			name = "[CP] Check Pods Manifest.lock";
			outputFileListPaths = (
			);
			outputPaths = (
				"$(DERIVED_FILE_DIR)/Pods-BigMama-BigMamaUITests-checkManifestLockResult.txt",
			);
			runOnlyForDeploymentPostprocessing = 0;
			shellPath = /bin/sh;
			shellScript = "diff \"${PODS_PODFILE_DIR_PATH}/Podfile.lock\" \"${PODS_ROOT}/Manifest.lock\" > /dev/null\nif [ $? != 0 ] ; then\n    # print error to STDERR\n    echo \"error: The sandbox is not in sync with the Podfile.lock. Run 'pod install' or update your CocoaPods installation.\" >&2\n    exit 1\nfi\n# This output is used by Xcode 'outputs' to avoid re-running this script phase.\necho \"SUCCESS\" > \"${SCRIPT_OUTPUT_FILE_0}\"\n";
			showEnvVarsInLog = 0;
		};
		D47CF09B02524AEF456F0769 /* [CP] Check Pods Manifest.lock */ = {
			isa = PBXShellScriptBuildPhase;
			buildActionMask = 2147483647;
			files = (
			);
			inputFileListPaths = (
			);
			inputPaths = (
				"${PODS_PODFILE_DIR_PATH}/Podfile.lock",
				"${PODS_ROOT}/Manifest.lock",
			);
			name = "[CP] Check Pods Manifest.lock";
			outputFileListPaths = (
			);
			outputPaths = (
				"$(DERIVED_FILE_DIR)/Pods-BigMama-checkManifestLockResult.txt",
			);
			runOnlyForDeploymentPostprocessing = 0;
			shellPath = /bin/sh;
			shellScript = "diff \"${PODS_PODFILE_DIR_PATH}/Podfile.lock\" \"${PODS_ROOT}/Manifest.lock\" > /dev/null\nif [ $? != 0 ] ; then\n    # print error to STDERR\n    echo \"error: The sandbox is not in sync with the Podfile.lock. Run 'pod install' or update your CocoaPods installation.\" >&2\n    exit 1\nfi\n# This output is used by Xcode 'outputs' to avoid re-running this script phase.\necho \"SUCCESS\" > \"${SCRIPT_OUTPUT_FILE_0}\"\n";
			showEnvVarsInLog = 0;
		};
/* End PBXShellScriptBuildPhase section */

/* Begin PBXSourcesBuildPhase section */
		27F376DF23C6310D00603AF3 /* Sources */ = {
			isa = PBXSourcesBuildPhase;
			buildActionMask = 2147483647;
			files = (
				27F376EB23C6310D00603AF3 /* ViewController.swift in Sources */,
				27F376E723C6310D00603AF3 /* AppDelegate.swift in Sources */,
				27F376E923C6310D00603AF3 /* SceneDelegate.swift in Sources */,
			);
			runOnlyForDeploymentPostprocessing = 0;
		};
		27F376F523C6310E00603AF3 /* Sources */ = {
			isa = PBXSourcesBuildPhase;
			buildActionMask = 2147483647;
			files = (
				27F376FE23C6310E00603AF3 /* BigMamaTests.swift in Sources */,
			);
			runOnlyForDeploymentPostprocessing = 0;
		};
		27F3770023C6310E00603AF3 /* Sources */ = {
			isa = PBXSourcesBuildPhase;
			buildActionMask = 2147483647;
			files = (
				27F3770923C6310E00603AF3 /* BigMamaUITests.swift in Sources */,
			);
			runOnlyForDeploymentPostprocessing = 0;
		};
/* End PBXSourcesBuildPhase section */

/* Begin PBXTargetDependency section */
		27F376FB23C6310E00603AF3 /* PBXTargetDependency */ = {
			isa = PBXTargetDependency;
			target = 27F376E223C6310D00603AF3 /* BigMama */;
			targetProxy = 27F376FA23C6310E00603AF3 /* PBXContainerItemProxy */;
		};
		27F3770623C6310E00603AF3 /* PBXTargetDependency */ = {
			isa = PBXTargetDependency;
			target = 27F376E223C6310D00603AF3 /* BigMama */;
			targetProxy = 27F3770523C6310E00603AF3 /* PBXContainerItemProxy */;
		};
/* End PBXTargetDependency section */

/* Begin PBXVariantGroup section */
		27F376EC23C6310D00603AF3 /* Main.storyboard */ = {
			isa = PBXVariantGroup;
			children = (
				27F376ED23C6310D00603AF3 /* Base */,
			);
			name = Main.storyboard;
			sourceTree = "<group>";
		};
		27F376F123C6310E00603AF3 /* LaunchScreen.storyboard */ = {
			isa = PBXVariantGroup;
			children = (
				27F376F223C6310E00603AF3 /* Base */,
			);
			name = LaunchScreen.storyboard;
			sourceTree = "<group>";
		};
/* End PBXVariantGroup section */

/* Begin XCBuildConfiguration section */
		27F3770B23C6310E00603AF3 /* Debug */ = {
			isa = XCBuildConfiguration;
			buildSettings = {
				ALWAYS_SEARCH_USER_PATHS = NO;
				CLANG_ANALYZER_NONNULL = YES;
				CLANG_ANALYZER_NUMBER_OBJECT_CONVERSION = YES_AGGRESSIVE;
				CLANG_CXX_LANGUAGE_STANDARD = "gnu++14";
				CLANG_CXX_LIBRARY = "libc++";
				CLANG_ENABLE_MODULES = YES;
				CLANG_ENABLE_OBJC_ARC = YES;
				CLANG_ENABLE_OBJC_WEAK = YES;
				CLANG_WARN_BLOCK_CAPTURE_AUTORELEASING = YES;
				CLANG_WARN_BOOL_CONVERSION = YES;
				CLANG_WARN_COMMA = YES;
				CLANG_WARN_CONSTANT_CONVERSION = YES;
				CLANG_WARN_DEPRECATED_OBJC_IMPLEMENTATIONS = YES;
				CLANG_WARN_DIRECT_OBJC_ISA_USAGE = YES_ERROR;
				CLANG_WARN_DOCUMENTATION_COMMENTS = YES;
				CLANG_WARN_EMPTY_BODY = YES;
				CLANG_WARN_ENUM_CONVERSION = YES;
				CLANG_WARN_INFINITE_RECURSION = YES;
				CLANG_WARN_INT_CONVERSION = YES;
				CLANG_WARN_NON_LITERAL_NULL_CONVERSION = YES;
				CLANG_WARN_OBJC_IMPLICIT_RETAIN_SELF = YES;
				CLANG_WARN_OBJC_LITERAL_CONVERSION = YES;
				CLANG_WARN_OBJC_ROOT_CLASS = YES_ERROR;
				CLANG_WARN_RANGE_LOOP_ANALYSIS = YES;
				CLANG_WARN_STRICT_PROTOTYPES = YES;
				CLANG_WARN_SUSPICIOUS_MOVE = YES;
				CLANG_WARN_UNGUARDED_AVAILABILITY = YES_AGGRESSIVE;
				CLANG_WARN_UNREACHABLE_CODE = YES;
				CLANG_WARN__DUPLICATE_METHOD_MATCH = YES;
				COPY_PHASE_STRIP = NO;
				DEBUG_INFORMATION_FORMAT = dwarf;
				ENABLE_STRICT_OBJC_MSGSEND = YES;
				ENABLE_TESTABILITY = YES;
				GCC_C_LANGUAGE_STANDARD = gnu11;
				GCC_DYNAMIC_NO_PIC = NO;
				GCC_NO_COMMON_BLOCKS = YES;
				GCC_OPTIMIZATION_LEVEL = 0;
				GCC_PREPROCESSOR_DEFINITIONS = (
					"DEBUG=1",
					"$(inherited)",
				);
				GCC_WARN_64_TO_32_BIT_CONVERSION = YES;
				GCC_WARN_ABOUT_RETURN_TYPE = YES_ERROR;
				GCC_WARN_UNDECLARED_SELECTOR = YES;
				GCC_WARN_UNINITIALIZED_AUTOS = YES_AGGRESSIVE;
				GCC_WARN_UNUSED_FUNCTION = YES;
				GCC_WARN_UNUSED_VARIABLE = YES;
				IPHONEOS_DEPLOYMENT_TARGET = 13.2;
				MTL_ENABLE_DEBUG_INFO = INCLUDE_SOURCE;
				MTL_FAST_MATH = YES;
				ONLY_ACTIVE_ARCH = YES;
				SDKROOT = iphoneos;
				SWIFT_ACTIVE_COMPILATION_CONDITIONS = DEBUG;
				SWIFT_OPTIMIZATION_LEVEL = "-Onone";
			};
			name = Debug;
		};
		27F3770C23C6310E00603AF3 /* Release */ = {
			isa = XCBuildConfiguration;
			buildSettings = {
				ALWAYS_SEARCH_USER_PATHS = NO;
				CLANG_ANALYZER_NONNULL = YES;
				CLANG_ANALYZER_NUMBER_OBJECT_CONVERSION = YES_AGGRESSIVE;
				CLANG_CXX_LANGUAGE_STANDARD = "gnu++14";
				CLANG_CXX_LIBRARY = "libc++";
				CLANG_ENABLE_MODULES = YES;
				CLANG_ENABLE_OBJC_ARC = YES;
				CLANG_ENABLE_OBJC_WEAK = YES;
				CLANG_WARN_BLOCK_CAPTURE_AUTORELEASING = YES;
				CLANG_WARN_BOOL_CONVERSION = YES;
				CLANG_WARN_COMMA = YES;
				CLANG_WARN_CONSTANT_CONVERSION = YES;
				CLANG_WARN_DEPRECATED_OBJC_IMPLEMENTATIONS = YES;
				CLANG_WARN_DIRECT_OBJC_ISA_USAGE = YES_ERROR;
				CLANG_WARN_DOCUMENTATION_COMMENTS = YES;
				CLANG_WARN_EMPTY_BODY = YES;
				CLANG_WARN_ENUM_CONVERSION = YES;
				CLANG_WARN_INFINITE_RECURSION = YES;
				CLANG_WARN_INT_CONVERSION = YES;
				CLANG_WARN_NON_LITERAL_NULL_CONVERSION = YES;
				CLANG_WARN_OBJC_IMPLICIT_RETAIN_SELF = YES;
				CLANG_WARN_OBJC_LITERAL_CONVERSION = YES;
				CLANG_WARN_OBJC_ROOT_CLASS = YES_ERROR;
				CLANG_WARN_RANGE_LOOP_ANALYSIS = YES;
				CLANG_WARN_STRICT_PROTOTYPES = YES;
				CLANG_WARN_SUSPICIOUS_MOVE = YES;
				CLANG_WARN_UNGUARDED_AVAILABILITY = YES_AGGRESSIVE;
				CLANG_WARN_UNREACHABLE_CODE = YES;
				CLANG_WARN__DUPLICATE_METHOD_MATCH = YES;
				COPY_PHASE_STRIP = NO;
				DEBUG_INFORMATION_FORMAT = "dwarf-with-dsym";
				ENABLE_NS_ASSERTIONS = NO;
				ENABLE_STRICT_OBJC_MSGSEND = YES;
				GCC_C_LANGUAGE_STANDARD = gnu11;
				GCC_NO_COMMON_BLOCKS = YES;
				GCC_WARN_64_TO_32_BIT_CONVERSION = YES;
				GCC_WARN_ABOUT_RETURN_TYPE = YES_ERROR;
				GCC_WARN_UNDECLARED_SELECTOR = YES;
				GCC_WARN_UNINITIALIZED_AUTOS = YES_AGGRESSIVE;
				GCC_WARN_UNUSED_FUNCTION = YES;
				GCC_WARN_UNUSED_VARIABLE = YES;
				IPHONEOS_DEPLOYMENT_TARGET = 13.2;
				MTL_ENABLE_DEBUG_INFO = NO;
				MTL_FAST_MATH = YES;
				SDKROOT = iphoneos;
				SWIFT_COMPILATION_MODE = wholemodule;
				SWIFT_OPTIMIZATION_LEVEL = "-O";
				VALIDATE_PRODUCT = YES;
			};
			name = Release;
		};
		27F3770E23C6310E00603AF3 /* Debug */ = {
			isa = XCBuildConfiguration;
			baseConfigurationReference = 857CBAEA3B42A3239E45B6F4 /* Pods-BigMama.debug.xcconfig */;
			buildSettings = {
				ASSETCATALOG_COMPILER_APPICON_NAME = AppIcon;
				CODE_SIGN_STYLE = Automatic;
				INFOPLIST_FILE = BigMama/Info.plist;
				LD_RUNPATH_SEARCH_PATHS = (
					"$(inherited)",
					"@executable_path/Frameworks",
				);
				PRODUCT_BUNDLE_IDENTIFIER = BigMama.BigMama;
				PRODUCT_NAME = "$(TARGET_NAME)";
				SWIFT_VERSION = 5.0;
				TARGETED_DEVICE_FAMILY = "1,2";
			};
			name = Debug;
		};
		27F3770F23C6310E00603AF3 /* Release */ = {
			isa = XCBuildConfiguration;
			baseConfigurationReference = F7F21C8E2AA3F01E76CC47D9 /* Pods-BigMama.release.xcconfig */;
			buildSettings = {
				ASSETCATALOG_COMPILER_APPICON_NAME = AppIcon;
				CODE_SIGN_STYLE = Automatic;
				INFOPLIST_FILE = BigMama/Info.plist;
				LD_RUNPATH_SEARCH_PATHS = (
					"$(inherited)",
					"@executable_path/Frameworks",
				);
				PRODUCT_BUNDLE_IDENTIFIER = BigMama.BigMama;
				PRODUCT_NAME = "$(TARGET_NAME)";
				SWIFT_VERSION = 5.0;
				TARGETED_DEVICE_FAMILY = "1,2";
			};
			name = Release;
		};
		27F3771123C6310E00603AF3 /* Debug */ = {
			isa = XCBuildConfiguration;
			baseConfigurationReference = 04D4842318ACC2FDFBEDA997 /* Pods-BigMamaTests.debug.xcconfig */;
			buildSettings = {
				ALWAYS_EMBED_SWIFT_STANDARD_LIBRARIES = YES;
				BUNDLE_LOADER = "$(TEST_HOST)";
				CODE_SIGN_STYLE = Automatic;
				INFOPLIST_FILE = BigMamaTests/Info.plist;
				IPHONEOS_DEPLOYMENT_TARGET = 13.2;
				LD_RUNPATH_SEARCH_PATHS = (
					"$(inherited)",
					"@executable_path/Frameworks",
					"@loader_path/Frameworks",
				);
				PRODUCT_BUNDLE_IDENTIFIER = BigMama.BigMamaTests;
				PRODUCT_NAME = "$(TARGET_NAME)";
				SWIFT_VERSION = 5.0;
				TARGETED_DEVICE_FAMILY = "1,2";
				TEST_HOST = "$(BUILT_PRODUCTS_DIR)/BigMama.app/BigMama";
			};
			name = Debug;
		};
		27F3771223C6310E00603AF3 /* Release */ = {
			isa = XCBuildConfiguration;
			baseConfigurationReference = EAFFBC2C09D8EC18B278396E /* Pods-BigMamaTests.release.xcconfig */;
			buildSettings = {
				ALWAYS_EMBED_SWIFT_STANDARD_LIBRARIES = YES;
				BUNDLE_LOADER = "$(TEST_HOST)";
				CODE_SIGN_STYLE = Automatic;
				INFOPLIST_FILE = BigMamaTests/Info.plist;
				IPHONEOS_DEPLOYMENT_TARGET = 13.2;
				LD_RUNPATH_SEARCH_PATHS = (
					"$(inherited)",
					"@executable_path/Frameworks",
					"@loader_path/Frameworks",
				);
				PRODUCT_BUNDLE_IDENTIFIER = BigMama.BigMamaTests;
				PRODUCT_NAME = "$(TARGET_NAME)";
				SWIFT_VERSION = 5.0;
				TARGETED_DEVICE_FAMILY = "1,2";
				TEST_HOST = "$(BUILT_PRODUCTS_DIR)/BigMama.app/BigMama";
			};
			name = Release;
		};
		27F3771423C6310E00603AF3 /* Debug */ = {
			isa = XCBuildConfiguration;
			baseConfigurationReference = C531A1C8A19FAF442BC9F26D /* Pods-BigMama-BigMamaUITests.debug.xcconfig */;
			buildSettings = {
				ALWAYS_EMBED_SWIFT_STANDARD_LIBRARIES = YES;
				CODE_SIGN_STYLE = Automatic;
				INFOPLIST_FILE = BigMamaUITests/Info.plist;
				LD_RUNPATH_SEARCH_PATHS = (
					"$(inherited)",
					"@executable_path/Frameworks",
					"@loader_path/Frameworks",
				);
				PRODUCT_BUNDLE_IDENTIFIER = BigMama.BigMamaUITests;
				PRODUCT_NAME = "$(TARGET_NAME)";
				SWIFT_VERSION = 5.0;
				TARGETED_DEVICE_FAMILY = "1,2";
				TEST_TARGET_NAME = BigMama;
			};
			name = Debug;
		};
		27F3771523C6310E00603AF3 /* Release */ = {
			isa = XCBuildConfiguration;
			baseConfigurationReference = BD4B10AD14D7F298FCA8BBFD /* Pods-BigMama-BigMamaUITests.release.xcconfig */;
			buildSettings = {
				ALWAYS_EMBED_SWIFT_STANDARD_LIBRARIES = YES;
				CODE_SIGN_STYLE = Automatic;
				INFOPLIST_FILE = BigMamaUITests/Info.plist;
				LD_RUNPATH_SEARCH_PATHS = (
					"$(inherited)",
					"@executable_path/Frameworks",
					"@loader_path/Frameworks",
				);
				PRODUCT_BUNDLE_IDENTIFIER = BigMama.BigMamaUITests;
				PRODUCT_NAME = "$(TARGET_NAME)";
				SWIFT_VERSION = 5.0;
				TARGETED_DEVICE_FAMILY = "1,2";
				TEST_TARGET_NAME = BigMama;
			};
			name = Release;
		};
/* End XCBuildConfiguration section */

/* Begin XCConfigurationList section */
		27F376DE23C6310D00603AF3 /* Build configuration list for PBXProject "BigMama" */ = {
			isa = XCConfigurationList;
			buildConfigurations = (
				27F3770B23C6310E00603AF3 /* Debug */,
				27F3770C23C6310E00603AF3 /* Release */,
			);
			defaultConfigurationIsVisible = 0;
			defaultConfigurationName = Release;
		};
		27F3770D23C6310E00603AF3 /* Build configuration list for PBXNativeTarget "BigMama" */ = {
			isa = XCConfigurationList;
			buildConfigurations = (
				27F3770E23C6310E00603AF3 /* Debug */,
				27F3770F23C6310E00603AF3 /* Release */,
			);
			defaultConfigurationIsVisible = 0;
			defaultConfigurationName = Release;
		};
		27F3771023C6310E00603AF3 /* Build configuration list for PBXNativeTarget "BigMamaTests" */ = {
			isa = XCConfigurationList;
			buildConfigurations = (
				27F3771123C6310E00603AF3 /* Debug */,
				27F3771223C6310E00603AF3 /* Release */,
			);
			defaultConfigurationIsVisible = 0;
			defaultConfigurationName = Release;
		};
		27F3771323C6310E00603AF3 /* Build configuration list for PBXNativeTarget "BigMamaUITests" */ = {
			isa = XCConfigurationList;
			buildConfigurations = (
				27F3771423C6310E00603AF3 /* Debug */,
				27F3771523C6310E00603AF3 /* Release */,
			);
			defaultConfigurationIsVisible = 0;
			defaultConfigurationName = Release;
		};
/* End XCConfigurationList section */
	};
	rootObject = 27F376DB23C6310D00603AF3 /* Project object */;
}
